
Microsoft Visual Studio Solution File, Format Version 12.00
# Visual Studio Version 17
VisualStudioVersion = 17.3.32929.385
MinimumVisualStudioVersion = 10.0.40219.1
Project("{FAE04EC0-301F-11D3-BF4B-00C04F79EFBC}") = "LearnItEasy.Android", "LearnItEasy\LearnItEasy.Android\LearnItEasy.Android.csproj", "{86E14F48-EEE0-4F6E-9643-A0C20AEE6D91}"
EndProject
Project("{FAE04EC0-301F-11D3-BF4B-00C04F79EFBC}") = "LearnItEasy", "LearnItEasy\LearnItEasy\LearnItEasy.csproj", "{BAD0E34E-2EDA-40CD-8FE4-1023E127B795}"
EndProject
Global
	GlobalSection(SolutionConfigurationPlatforms) = preSolution
		Debug|Any CPU = Debug|Any CPU
		Release|Any CPU = Release|Any CPU
	EndGlobalSection
	GlobalSection(ProjectConfigurationPlatforms) = postSolution
		{86E14F48-EEE0-4F6E-9643-A0C20AEE6D91}.Debug|Any CPU.ActiveCfg = Debug|Any CPU
		{86E14F48-EEE0-4F6E-9643-A0C20AEE6D91}.Debug|Any CPU.Build.0 = Debug|Any CPU
		{86E14F48-EEE0-4F6E-9643-A0C20AEE6D91}.Debug|Any CPU.Deploy.0 = Debug|Any CPU
		{86E14F48-EEE0-4F6E-9643-A0C20AEE6D91}.Release|Any CPU.ActiveCfg = Release|Any CPU
		{86E14F48-EEE0-4F6E-9643-A0C20AEE6D91}.Release|Any CPU.Build.0 = Release|Any CPU
		{86E14F48-EEE0-4F6E-9643-A0C20AEE6D91}.Release|Any CPU.Deploy.0 = Release|Any CPU
		{BAD0E34E-2EDA-40CD-8FE4-1023E127B795}.Debug|Any CPU.ActiveCfg = Debug|Any CPU
		{BAD0E34E-2EDA-40CD-8FE4-1023E127B795}.Debug|Any CPU.Build.0 = Debug|Any CPU
		{BAD0E34E-2EDA-40CD-8FE4-1023E127B795}.Debug|Any CPU.Deploy.0 = Debug|Any CPU
		{BAD0E34E-2EDA-40CD-8FE4-1023E127B795}.Release|Any CPU.ActiveCfg = Release|Any CPU
		{BAD0E34E-2EDA-40CD-8FE4-1023E127B795}.Release|Any CPU.Build.0 = Release|Any CPU
		{BAD0E34E-2EDA-40CD-8FE4-1023E127B795}.Release|Any CPU.Deploy.0 = Release|Any CPU
	EndGlobalSection
	GlobalSection(SolutionProperties) = preSolution
		HideSolutionNode = FALSE
	EndGlobalSection
	GlobalSection(ExtensibilityGlobals) = postSolution
		SolutionGuid = {5701723D-B8BA-401E-98AF-66ABA0ABF1CD}
	EndGlobalSection
EndGlobal
